// !$*UTF8*$!
{
	archiveVersion = 1;
	classes = {
	};
	objectVersion = 50;
	objects = {

/* Begin PBXBuildFile section */
		D637FD00230BC4D7002300CA /* main.cpp in Sources */ = {isa = PBXBuildFile; fileRef = D637FCFF230BC4D7002300CA /* main.cpp */; };
		D637FD0D230BC574002300CA /* hot_cache_lib.cpp in Sources */ = {isa = PBXBuildFile; fileRef = D637FD0B230BC574002300CA /* hot_cache_lib.cpp */; };
		D637FD16230D2DF3002300CA /* Zipper.cpp in Sources */ = {isa = PBXBuildFile; fileRef = D637FD15230D2DF3002300CA /* Zipper.cpp */; };
		D637FD22230D2EDD002300CA /* file_for_patch.c in Sources */ = {isa = PBXBuildFile; fileRef = D637FD21230D2EDD002300CA /* file_for_patch.c */; };
		D637FD2A230D30B9002300CA /* patch.c in Sources */ = {isa = PBXBuildFile; fileRef = D637FD29230D30B9002300CA /* patch.c */; };
		D6D0B83F232765E900E4FDD0 /* libz.tbd in Frameworks */ = {isa = PBXBuildFile; fileRef = D6D0B83E232765E900E4FDD0 /* libz.tbd */; };
/* End PBXBuildFile section */

/* Begin PBXCopyFilesBuildPhase section */
		D637FCFA230BC4D7002300CA /* CopyFiles */ = {
			isa = PBXCopyFilesBuildPhase;
			buildActionMask = 2147483647;
			dstPath = /usr/share/man/man1/;
			dstSubfolderSpec = 0;
			files = (
			);
			runOnlyForDeploymentPostprocessing = 1;
		};
/* End PBXCopyFilesBuildPhase section */

/* Begin PBXFileReference section */
		D637FCFC230BC4D7002300CA /* HotCacheLibDemo */ = {isa = PBXFileReference; explicitFileType = "compiled.mach-o.executable"; includeInIndex = 0; path = HotCacheLibDemo; sourceTree = BUILT_PRODUCTS_DIR; };
		D637FCFF230BC4D7002300CA /* main.cpp */ = {isa = PBXFileReference; lastKnownFileType = sourcecode.cpp.cpp; path = main.cpp; sourceTree = "<group>"; };
		D637FD0B230BC574002300CA /* hot_cache_lib.cpp */ = {isa = PBXFileReference; fileEncoding = 4; lastKnownFileType = sourcecode.cpp.cpp; path = hot_cache_lib.cpp; sourceTree = "<group>"; };
		D637FD0C230BC574002300CA /* hot_cache_lib.h */ = {isa = PBXFileReference; fileEncoding = 4; lastKnownFileType = sourcecode.c.h; path = hot_cache_lib.h; sourceTree = "<group>"; };
		D637FD14230D2DF3002300CA /* Zipper.h */ = {isa = PBXFileReference; fileEncoding = 4; lastKnownFileType = sourcecode.c.h; name = Zipper.h; path = ../../../ApkDiffPatch/src/patch/Zipper.h; sourceTree = "<group>"; };
		D637FD15230D2DF3002300CA /* Zipper.cpp */ = {isa = PBXFileReference; fileEncoding = 4; lastKnownFileType = sourcecode.cpp.cpp; name = Zipper.cpp; path = ../../../ApkDiffPatch/src/patch/Zipper.cpp; sourceTree = "<group>"; };
		D637FD21230D2EDD002300CA /* file_for_patch.c */ = {isa = PBXFileReference; fileEncoding = 4; lastKnownFileType = sourcecode.c.c; name = file_for_patch.c; path = ../../../ApkDiffPatch/HDiffPatch/file_for_patch.c; sourceTree = "<group>"; };
		D637FD29230D30B9002300CA /* patch.c */ = {isa = PBXFileReference; lastKnownFileType = sourcecode.c.c; name = patch.c; path = ../../../ApkDiffPatch/HDiffPatch/libHDiffPatch/HPatch/patch.c; sourceTree = "<group>"; };
		D637FD3A23101EDD002300CA /* android_ndk_jni_mk */ = {isa = PBXFileReference; lastKnownFileType = folder; name = android_ndk_jni_mk; path = ../android_ndk_jni_mk; sourceTree = "<group>"; };
		D6D0B83E232765E900E4FDD0 /* libz.tbd */ = {isa = PBXFileReference; lastKnownFileType = "sourcecode.text-based-dylib-definition"; name = libz.tbd; path = usr/lib/libz.tbd; sourceTree = SDKROOT; };
/* End PBXFileReference section */

/* Begin PBXFrameworksBuildPhase section */
		D637FCF9230BC4D7002300CA /* Frameworks */ = {
			isa = PBXFrameworksBuildPhase;
			buildActionMask = 2147483647;
			files = (
				D6D0B83F232765E900E4FDD0 /* libz.tbd in Frameworks */,
			);
			runOnlyForDeploymentPostprocessing = 0;
		};
/* End PBXFrameworksBuildPhase section */

/* Begin PBXGroup section */
		D637FCF3230BC4D7002300CA = {
			isa = PBXGroup;
			children = (
				D637FD13230D2DDE002300CA /* ziper */,
				D637FD0A230BC574002300CA /* src */,
				D637FCFF230BC4D7002300CA /* main.cpp */,
				D637FD3A23101EDD002300CA /* android_ndk_jni_mk */,
				D637FCFD230BC4D7002300CA /* Products */,
				D6D0B83D232765E900E4FDD0 /* Frameworks */,
			);
			sourceTree = "<group>";
		};
		D637FCFD230BC4D7002300CA /* Products */ = {
			isa = PBXGroup;
			children = (
				D637FCFC230BC4D7002300CA /* HotCacheLibDemo */,
			);
			name = Products;
			sourceTree = "<group>";
		};
		D637FD0A230BC574002300CA /* src */ = {
			isa = PBXGroup;
			children = (
				D637FD0B230BC574002300CA /* hot_cache_lib.cpp */,
				D637FD0C230BC574002300CA /* hot_cache_lib.h */,
			);
			name = src;
			path = ../../src;
			sourceTree = "<group>";
		};
		D637FD13230D2DDE002300CA /* ziper */ = {
			isa = PBXGroup;
			children = (
				D637FD15230D2DF3002300CA /* Zipper.cpp */,
				D637FD14230D2DF3002300CA /* Zipper.h */,
				D637FD29230D30B9002300CA /* patch.c */,
				D637FD21230D2EDD002300CA /* file_for_patch.c */,
			);
			name = ziper;
			sourceTree = "<group>";
		};
		D6D0B83D232765E900E4FDD0 /* Frameworks */ = {
			isa = PBXGroup;
			children = (
				D6D0B83E232765E900E4FDD0 /* libz.tbd */,
			);
			name = Frameworks;
			sourceTree = "<group>";
		};
/* End PBXGroup section */

/* Begin PBXNativeTarget section */
		D637FCFB230BC4D7002300CA /* HotCacheLibDemo */ = {
			isa = PBXNativeTarget;
			buildConfigurationList = D637FD03230BC4D7002300CA /* Build configuration list for PBXNativeTarget "HotCacheLibDemo" */;
			buildPhases = (
				D637FCF8230BC4D7002300CA /* Sources */,
				D637FCF9230BC4D7002300CA /* Frameworks */,
				D637FCFA230BC4D7002300CA /* CopyFiles */,
			);
			buildRules = (
			);
			dependencies = (
			);
			name = HotCacheLibDemo;
			productName = HotCacheLibDemo;
			productReference = D637FCFC230BC4D7002300CA /* HotCacheLibDemo */;
			productType = "com.apple.product-type.tool";
		};
/* End PBXNativeTarget section */

/* Begin PBXProject section */
		D637FCF4230BC4D7002300CA /* Project object */ = {
			isa = PBXProject;
			attributes = {
				LastUpgradeCheck = 1030;
				ORGANIZATIONNAME = sisong;
				TargetAttributes = {
					D637FCFB230BC4D7002300CA = {
						CreatedOnToolsVersion = 10.3;
					};
				};
			};
			buildConfigurationList = D637FCF7230BC4D7002300CA /* Build configuration list for PBXProject "HotCacheLibDemo" */;
			compatibilityVersion = "Xcode 9.3";
			developmentRegion = en;
			hasScannedForEncodings = 0;
			knownRegions = (
				en,
			);
			mainGroup = D637FCF3230BC4D7002300CA;
			productRefGroup = D637FCFD230BC4D7002300CA /* Products */;
			projectDirPath = "";
			projectRoot = "";
			targets = (
				D637FCFB230BC4D7002300CA /* HotCacheLibDemo */,
			);
		};
/* End PBXProject section */

/* Begin PBXSourcesBuildPhase section */
		D637FCF8230BC4D7002300CA /* Sources */ = {
			isa = PBXSourcesBuildPhase;
			buildActionMask = 2147483647;
			files = (
				D637FD2A230D30B9002300CA /* patch.c in Sources */,
				D637FD0D230BC574002300CA /* hot_cache_lib.cpp in Sources */,
				D637FD16230D2DF3002300CA /* Zipper.cpp in Sources */,
				D637FD00230BC4D7002300CA /* main.cpp in Sources */,
				D637FD22230D2EDD002300CA /* file_for_patch.c in Sources */,
			);
			runOnlyForDeploymentPostprocessing = 0;
		};
/* End PBXSourcesBuildPhase section */

/* Begin XCBuildConfiguration section */
		D637FD01230BC4D7002300CA /* Debug */ = {
			isa = XCBuildConfiguration;
			buildSettings = {
				ALWAYS_SEARCH_USER_PATHS = NO;
				CLANG_ANALYZER_NONNULL = YES;
				CLANG_ANALYZER_NUMBER_OBJECT_CONVERSION = YES_AGGRESSIVE;
				CLANG_CXX_LANGUAGE_STANDARD = "gnu++14";
				CLANG_CXX_LIBRARY = "libc++";
				CLANG_ENABLE_MODULES = YES;
				CLANG_ENABLE_OBJC_ARC = YES;
				CLANG_ENABLE_OBJC_WEAK = YES;
				CLANG_WARN_BLOCK_CAPTURE_AUTORELEASING = YES;
				CLANG_WARN_BOOL_CONVERSION = YES;
				CLANG_WARN_COMMA = YES;
				CLANG_WARN_CONSTANT_CONVERSION = YES;
				CLANG_WARN_DEPRECATED_OBJC_IMPLEMENTATIONS = YES;
				CLANG_WARN_DIRECT_OBJC_ISA_USAGE = YES_ERROR;
				CLANG_WARN_DOCUMENTATION_COMMENTS = YES;
				CLANG_WARN_EMPTY_BODY = YES;
				CLANG_WARN_ENUM_CONVERSION = YES;
				CLANG_WARN_INFINITE_RECURSION = YES;
				CLANG_WARN_INT_CONVERSION = YES;
				CLANG_WARN_NON_LITERAL_NULL_CONVERSION = YES;
				CLANG_WARN_OBJC_IMPLICIT_RETAIN_SELF = YES;
				CLANG_WARN_OBJC_LITERAL_CONVERSION = YES;
				CLANG_WARN_OBJC_ROOT_CLASS = YES_ERROR;
				CLANG_WARN_RANGE_LOOP_ANALYSIS = YES;
				CLANG_WARN_STRICT_PROTOTYPES = YES;
				CLANG_WARN_SUSPICIOUS_MOVE = YES;
				CLANG_WARN_UNGUARDED_AVAILABILITY = YES_AGGRESSIVE;
				CLANG_WARN_UNREACHABLE_CODE = YES;
				CLANG_WARN__DUPLICATE_METHOD_MATCH = YES;
				CODE_SIGN_IDENTITY = "-";
				DEBUG_INFORMATION_FORMAT = dwarf;
				ENABLE_STRICT_OBJC_MSGSEND = YES;
				ENABLE_TESTABILITY = YES;
				GCC_C_LANGUAGE_STANDARD = gnu11;
				GCC_DYNAMIC_NO_PIC = NO;
				GCC_NO_COMMON_BLOCKS = YES;
				GCC_OPTIMIZATION_LEVEL = 0;
				GCC_PREPROCESSOR_DEFINITIONS = (
					"DEBUG=1",
					"$(inherited)",
					"_IS_USED_MULTITHREAD=0",
				);
				GCC_WARN_64_TO_32_BIT_CONVERSION = YES;
				GCC_WARN_ABOUT_RETURN_TYPE = YES_ERROR;
				GCC_WARN_UNDECLARED_SELECTOR = YES;
				GCC_WARN_UNINITIALIZED_AUTOS = YES_AGGRESSIVE;
				GCC_WARN_UNUSED_FUNCTION = YES;
				GCC_WARN_UNUSED_VARIABLE = YES;
				MACOSX_DEPLOYMENT_TARGET = 10.14;
				MTL_ENABLE_DEBUG_INFO = INCLUDE_SOURCE;
				MTL_FAST_MATH = YES;
				ONLY_ACTIVE_ARCH = YES;
				OTHER_CFLAGS = "";
				SDKROOT = macosx;
			};
			name = Debug;
		};
		D637FD02230BC4D7002300CA /* Release */ = {
			isa = XCBuildConfiguration;
			buildSettings = {
				ALWAYS_SEARCH_USER_PATHS = NO;
				CLANG_ANALYZER_NONNULL = YES;
				CLANG_ANALYZER_NUMBER_OBJECT_CONVERSION = YES_AGGRESSIVE;
				CLANG_CXX_LANGUAGE_STANDARD = "gnu++14";
				CLANG_CXX_LIBRARY = "libc++";
				CLANG_ENABLE_MODULES = YES;
				CLANG_ENABLE_OBJC_ARC = YES;
				CLANG_ENABLE_OBJC_WEAK = YES;
				CLANG_WARN_BLOCK_CAPTURE_AUTORELEASING = YES;
				CLANG_WARN_BOOL_CONVERSION = YES;
				CLANG_WARN_COMMA = YES;
				CLANG_WARN_CONSTANT_CONVERSION = YES;
				CLANG_WARN_DEPRECATED_OBJC_IMPLEMENTATIONS = YES;
				CLANG_WARN_DIRECT_OBJC_ISA_USAGE = YES_ERROR;
				CLANG_WARN_DOCUMENTATION_COMMENTS = YES;
				CLANG_WARN_EMPTY_BODY = YES;
				CLANG_WARN_ENUM_CONVERSION = YES;
				CLANG_WARN_INFINITE_RECURSION = YES;
				CLANG_WARN_INT_CONVERSION = YES;
				CLANG_WARN_NON_LITERAL_NULL_CONVERSION = YES;
				CLANG_WARN_OBJC_IMPLICIT_RETAIN_SELF = YES;
				CLANG_WARN_OBJC_LITERAL_CONVERSION = YES;
				CLANG_WARN_OBJC_ROOT_CLASS = YES_ERROR;
				CLANG_WARN_RANGE_LOOP_ANALYSIS = YES;
				CLANG_WARN_STRICT_PROTOTYPES = YES;
				CLANG_WARN_SUSPICIOUS_MOVE = YES;
				CLANG_WARN_UNGUARDED_AVAILABILITY = YES_AGGRESSIVE;
				CLANG_WARN_UNREACHABLE_CODE = YES;
				CLANG_WARN__DUPLICATE_METHOD_MATCH = YES;
				CODE_SIGN_IDENTITY = "-";
				DEAD_CODE_STRIPPING = YES;
				DEBUG_INFORMATION_FORMAT = "dwarf-with-dsym";
				DEPLOYMENT_POSTPROCESSING = YES;
				ENABLE_NS_ASSERTIONS = NO;
				ENABLE_STRICT_OBJC_MSGSEND = YES;
				GCC_C_LANGUAGE_STANDARD = gnu11;
				GCC_NO_COMMON_BLOCKS = YES;
				GCC_PREPROCESSOR_DEFINITIONS = "_IS_USED_MULTITHREAD=0";
				GCC_WARN_64_TO_32_BIT_CONVERSION = YES;
				GCC_WARN_ABOUT_RETURN_TYPE = YES_ERROR;
				GCC_WARN_UNDECLARED_SELECTOR = YES;
				GCC_WARN_UNINITIALIZED_AUTOS = YES_AGGRESSIVE;
				GCC_WARN_UNUSED_FUNCTION = YES;
				GCC_WARN_UNUSED_VARIABLE = YES;
				MACOSX_DEPLOYMENT_TARGET = 10.14;
				MTL_ENABLE_DEBUG_INFO = NO;
				MTL_FAST_MATH = YES;
				OTHER_CFLAGS = "";
				SDKROOT = macosx;
			};
			name = Release;
		};
		D637FD04230BC4D7002300CA /* Debug */ = {
			isa = XCBuildConfiguration;
			buildSettings = {
				CODE_SIGN_STYLE = Automatic;
				PRODUCT_NAME = "$(TARGET_NAME)";
			};
			name = Debug;
		};
		D637FD05230BC4D7002300CA /* Release */ = {
			isa = XCBuildConfiguration;
			buildSettings = {
				CODE_SIGN_STYLE = Automatic;
				PRODUCT_NAME = "$(TARGET_NAME)";
			};
			name = Release;
		};
/* End XCBuildConfiguration section */

/* Begin XCConfigurationList section */
		D637FCF7230BC4D7002300CA /* Build configuration list for PBXProject "HotCacheLibDemo" */ = {
			isa = XCConfigurationList;
			buildConfigurations = (
				D637FD01230BC4D7002300CA /* Debug */,
				D637FD02230BC4D7002300CA /* Release */,
			);
			defaultConfigurationIsVisible = 0;
			defaultConfigurationName = Release;
		};
		D637FD03230BC4D7002300CA /* Build configuration list for PBXNativeTarget "HotCacheLibDemo" */ = {
			isa = XCConfigurationList;
			buildConfigurations = (
				D637FD04230BC4D7002300CA /* Debug */,
				D637FD05230BC4D7002300CA /* Release */,
			);
			defaultConfigurationIsVisible = 0;
			defaultConfigurationName = Release;
		};
/* End XCConfigurationList section */
	};
	rootObject = D637FCF4230BC4D7002300CA /* Project object */;
}
