// !$*UTF8*$!
{
	archiveVersion = 1;
	classes = {
	};
	objectVersion = 50;
	objects = {

/* Begin PBXContainerItemProxy section */
		D63B9886233333AA003D38A5 /* PBXContainerItemProxy */ = {
			isa = PBXContainerItemProxy;
			containerPortal = D63B987F233333A9003D38A5 /* VirtualApkPatch.xcodeproj */;
			proxyType = 2;
			remoteGlobalIDString = D65C69C523293AB300A3C89C;
			remoteInfo = VirtualApkPatch;
		};
		D658935023331568003BB2F4 /* PBXContainerItemProxy */ = {
			isa = PBXContainerItemProxy;
			containerPortal = D658934C23331567003BB2F4 /* FixUnityJar.xcodeproj */;
			proxyType = 2;
			remoteGlobalIDString = D6D0B8262327427D00E4FDD0;
			remoteInfo = FixUnityJar;
		};
		D6BA8F74235FDA4100AFC34A /* PBXContainerItemProxy */ = {
			isa = PBXContainerItemProxy;
			containerPortal = D6BA8F6E235FDA4100AFC34A /* ZipDiff.xcodeproj */;
			proxyType = 2;
			remoteGlobalIDString = D651191B2041ADA900805001;
			remoteInfo = ZipDiff;
		};
		D6BA8F7A235FDA4100AFC34A /* PBXContainerItemProxy */ = {
			isa = PBXContainerItemProxy;
			containerPortal = D6BA8F76235FDA4100AFC34A /* ApkNormalized.xcodeproj */;
			proxyType = 2;
			remoteGlobalIDString = D65119312041AF8400805001;
			remoteInfo = ApkNormalized;
		};
		D6BA8F80235FDA9300AFC34A /* PBXContainerItemProxy */ = {
			isa = PBXContainerItemProxy;
			containerPortal = D6BA8F7C235FDA9300AFC34A /* HDiffPatch.xcodeproj */;
			proxyType = 2;
			remoteGlobalIDString = D62A9FC22054020C00A61D43;
			remoteInfo = HDiffPatch;
		};
/* End PBXContainerItemProxy section */

/* Begin PBXCopyFilesBuildPhase section */
		D6703D062314D8420095F791 /* CopyFiles */ = {
			isa = PBXCopyFilesBuildPhase;
			buildActionMask = 2147483647;
			dstPath = /usr/share/man/man1/;
			dstSubfolderSpec = 0;
			files = (
			);
			runOnlyForDeploymentPostprocessing = 1;
		};
/* End PBXCopyFilesBuildPhase section */

/* Begin PBXFileReference section */
		D63B987F233333A9003D38A5 /* VirtualApkPatch.xcodeproj */ = {isa = PBXFileReference; lastKnownFileType = "wrapper.pb-project"; name = VirtualApkPatch.xcodeproj; path = ../../VirtualApkPatch/builds_test/xcode/VirtualApkPatch.xcodeproj; sourceTree = "<group>"; };
		D658934C23331567003BB2F4 /* FixUnityJar.xcodeproj */ = {isa = PBXFileReference; lastKnownFileType = "wrapper.pb-project"; name = FixUnityJar.xcodeproj; path = ../../project_fix_unity_jar/fix_unity_jar/builds/xcode/FixUnityJar.xcodeproj; sourceTree = "<group>"; };
		D6703D082314D8420095F791 /* hook_unity_src_xcode */ = {isa = PBXFileReference; explicitFileType = "compiled.mach-o.executable"; includeInIndex = 0; path = hook_unity_src_xcode; sourceTree = BUILT_PRODUCTS_DIR; };
		D6703D152314D8A10095F791 /* src */ = {isa = PBXFileReference; lastKnownFileType = folder; name = src; path = ../src; sourceTree = "<group>"; };
		D689587E24D4FC4F009D8CD3 /* README.en.md */ = {isa = PBXFileReference; lastKnownFileType = net.daringfireball.markdown; name = README.en.md; path = ../../../README.en.md; sourceTree = "<group>"; };
		D689587F24D4FC4F009D8CD3 /* README.md */ = {isa = PBXFileReference; lastKnownFileType = net.daringfireball.markdown; name = README.md; path = ../../../README.md; sourceTree = "<group>"; };
		D689588024D5085C009D8CD3 /* Application.mk */ = {isa = PBXFileReference; lastKnownFileType = file; path = Application.mk; sourceTree = SOURCE_ROOT; };
		D689588124D5085C009D8CD3 /* build_libs.sh */ = {isa = PBXFileReference; fileEncoding = 4; lastKnownFileType = text.script.sh; path = build_libs.sh; sourceTree = SOURCE_ROOT; };
		D689588224D5085C009D8CD3 /* build_libs.bat */ = {isa = PBXFileReference; lastKnownFileType = file; path = build_libs.bat; sourceTree = SOURCE_ROOT; };
		D689588324D5085C009D8CD3 /* Android.mk */ = {isa = PBXFileReference; lastKnownFileType = file; path = Android.mk; sourceTree = SOURCE_ROOT; };
		D6BA8F6E235FDA4100AFC34A /* ZipDiff.xcodeproj */ = {isa = PBXFileReference; lastKnownFileType = "wrapper.pb-project"; name = ZipDiff.xcodeproj; path = ../../ApkDiffPatch/builds/xcode/ZipDiff.xcodeproj; sourceTree = "<group>"; };
		D6BA8F76235FDA4100AFC34A /* ApkNormalized.xcodeproj */ = {isa = PBXFileReference; lastKnownFileType = "wrapper.pb-project"; name = ApkNormalized.xcodeproj; path = ../../ApkDiffPatch/builds/xcode/ApkNormalized.xcodeproj; sourceTree = "<group>"; };
		D6BA8F7C235FDA9300AFC34A /* HDiffPatch.xcodeproj */ = {isa = PBXFileReference; lastKnownFileType = "wrapper.pb-project"; name = HDiffPatch.xcodeproj; path = ../../ApkDiffPatch/builds/xcode/HDiffPatch.xcodeproj; sourceTree = "<group>"; };
/* End PBXFileReference section */

/* Begin PBXFrameworksBuildPhase section */
		D6703D052314D8420095F791 /* Frameworks */ = {
			isa = PBXFrameworksBuildPhase;
			buildActionMask = 2147483647;
			files = (
			);
			runOnlyForDeploymentPostprocessing = 0;
		};
/* End PBXFrameworksBuildPhase section */

/* Begin PBXGroup section */
		D63B9880233333A9003D38A5 /* Products */ = {
			isa = PBXGroup;
			children = (
				D63B9887233333AA003D38A5 /* VirtualApkPatch */,
			);
			name = Products;
			sourceTree = "<group>";
		};
		D658934D23331567003BB2F4 /* Products */ = {
			isa = PBXGroup;
			children = (
				D658935123331568003BB2F4 /* FixUnityJar */,
			);
			name = Products;
			sourceTree = "<group>";
		};
		D6703CFF2314D8420095F791 = {
			isa = PBXGroup;
			children = (
				D6BA8F7C235FDA9300AFC34A /* HDiffPatch.xcodeproj */,
				D63B987F233333A9003D38A5 /* VirtualApkPatch.xcodeproj */,
				D6BA8F76235FDA4100AFC34A /* ApkNormalized.xcodeproj */,
				D6BA8F6E235FDA4100AFC34A /* ZipDiff.xcodeproj */,
				D658934C23331567003BB2F4 /* FixUnityJar.xcodeproj */,
				D6703D152314D8A10095F791 /* src */,
				D689587824D4FC16009D8CD3 /* sets */,
				D6703D092314D8420095F791 /* Products */,
			);
			sourceTree = "<group>";
		};
		D6703D092314D8420095F791 /* Products */ = {
			isa = PBXGroup;
			children = (
				D6703D082314D8420095F791 /* hook_unity_src_xcode */,
			);
			name = Products;
			sourceTree = "<group>";
		};
		D689587824D4FC16009D8CD3 /* sets */ = {
			isa = PBXGroup;
			children = (
				D689588324D5085C009D8CD3 /* Android.mk */,
				D689588024D5085C009D8CD3 /* Application.mk */,
				D689588224D5085C009D8CD3 /* build_libs.bat */,
				D689588124D5085C009D8CD3 /* build_libs.sh */,
				D689587E24D4FC4F009D8CD3 /* README.en.md */,
				D689587F24D4FC4F009D8CD3 /* README.md */,
			);
			path = sets;
			sourceTree = "<group>";
		};
		D6BA8F6F235FDA4100AFC34A /* Products */ = {
			isa = PBXGroup;
			children = (
				D6BA8F75235FDA4100AFC34A /* ZipDiff */,
			);
			name = Products;
			sourceTree = "<group>";
		};
		D6BA8F77235FDA4100AFC34A /* Products */ = {
			isa = PBXGroup;
			children = (
				D6BA8F7B235FDA4100AFC34A /* ApkNormalized */,
			);
			name = Products;
			sourceTree = "<group>";
		};
		D6BA8F7D235FDA9300AFC34A /* Products */ = {
			isa = PBXGroup;
			children = (
				D6BA8F81235FDA9300AFC34A /* libHDiffPatch.a */,
			);
			name = Products;
			sourceTree = "<group>";
		};
/* End PBXGroup section */

/* Begin PBXNativeTarget section */
		D6703D072314D8420095F791 /* hook_unity_src_xcode */ = {
			isa = PBXNativeTarget;
			buildConfigurationList = D6703D0F2314D8420095F791 /* Build configuration list for PBXNativeTarget "hook_unity_src_xcode" */;
			buildPhases = (
				D6703D042314D8420095F791 /* Sources */,
				D6703D052314D8420095F791 /* Frameworks */,
				D6703D062314D8420095F791 /* CopyFiles */,
			);
			buildRules = (
			);
			dependencies = (
			);
			name = hook_unity_src_xcode;
			productName = hook_unity_src_xcode;
			productReference = D6703D082314D8420095F791 /* hook_unity_src_xcode */;
			productType = "com.apple.product-type.tool";
		};
/* End PBXNativeTarget section */

/* Begin PBXProject section */
		D6703D002314D8420095F791 /* Project object */ = {
			isa = PBXProject;
			attributes = {
				LastUpgradeCheck = 1030;
				ORGANIZATIONNAME = sisong;
				TargetAttributes = {
					D6703D072314D8420095F791 = {
						CreatedOnToolsVersion = 10.3;
					};
				};
			};
			buildConfigurationList = D6703D032314D8420095F791 /* Build configuration list for PBXProject "hook_unity_src_xcode" */;
			compatibilityVersion = "Xcode 9.3";
			developmentRegion = en;
			hasScannedForEncodings = 0;
			knownRegions = (
				en,
			);
			mainGroup = D6703CFF2314D8420095F791;
			productRefGroup = D6703D092314D8420095F791 /* Products */;
			projectDirPath = "";
			projectReferences = (
				{
					ProductGroup = D6BA8F77235FDA4100AFC34A /* Products */;
					ProjectRef = D6BA8F76235FDA4100AFC34A /* ApkNormalized.xcodeproj */;
				},
				{
					ProductGroup = D658934D23331567003BB2F4 /* Products */;
					ProjectRef = D658934C23331567003BB2F4 /* FixUnityJar.xcodeproj */;
				},
				{
					ProductGroup = D6BA8F7D235FDA9300AFC34A /* Products */;
					ProjectRef = D6BA8F7C235FDA9300AFC34A /* HDiffPatch.xcodeproj */;
				},
				{
					ProductGroup = D63B9880233333A9003D38A5 /* Products */;
					ProjectRef = D63B987F233333A9003D38A5 /* VirtualApkPatch.xcodeproj */;
				},
				{
					ProductGroup = D6BA8F6F235FDA4100AFC34A /* Products */;
					ProjectRef = D6BA8F6E235FDA4100AFC34A /* ZipDiff.xcodeproj */;
				},
			);
			projectRoot = "";
			targets = (
				D6703D072314D8420095F791 /* hook_unity_src_xcode */,
			);
		};
/* End PBXProject section */

/* Begin PBXReferenceProxy section */
		D63B9887233333AA003D38A5 /* VirtualApkPatch */ = {
			isa = PBXReferenceProxy;
			fileType = "compiled.mach-o.executable";
			path = VirtualApkPatch;
			remoteRef = D63B9886233333AA003D38A5 /* PBXContainerItemProxy */;
			sourceTree = BUILT_PRODUCTS_DIR;
		};
		D658935123331568003BB2F4 /* FixUnityJar */ = {
			isa = PBXReferenceProxy;
			fileType = "compiled.mach-o.executable";
			path = FixUnityJar;
			remoteRef = D658935023331568003BB2F4 /* PBXContainerItemProxy */;
			sourceTree = BUILT_PRODUCTS_DIR;
		};
		D6BA8F75235FDA4100AFC34A /* ZipDiff */ = {
			isa = PBXReferenceProxy;
			fileType = "compiled.mach-o.executable";
			path = ZipDiff;
			remoteRef = D6BA8F74235FDA4100AFC34A /* PBXContainerItemProxy */;
			sourceTree = BUILT_PRODUCTS_DIR;
		};
		D6BA8F7B235FDA4100AFC34A /* ApkNormalized */ = {
			isa = PBXReferenceProxy;
			fileType = "compiled.mach-o.executable";
			path = ApkNormalized;
			remoteRef = D6BA8F7A235FDA4100AFC34A /* PBXContainerItemProxy */;
			sourceTree = BUILT_PRODUCTS_DIR;
		};
		D6BA8F81235FDA9300AFC34A /* libHDiffPatch.a */ = {
			isa = PBXReferenceProxy;
			fileType = archive.ar;
			path = libHDiffPatch.a;
			remoteRef = D6BA8F80235FDA9300AFC34A /* PBXContainerItemProxy */;
			sourceTree = BUILT_PRODUCTS_DIR;
		};
/* End PBXReferenceProxy section */

/* Begin PBXSourcesBuildPhase section */
		D6703D042314D8420095F791 /* Sources */ = {
			isa = PBXSourcesBuildPhase;
			buildActionMask = 2147483647;
			files = (
			);
			runOnlyForDeploymentPostprocessing = 0;
		};
/* End PBXSourcesBuildPhase section */

/* Begin XCBuildConfiguration section */
		D6703D0D2314D8420095F791 /* Debug */ = {
			isa = XCBuildConfiguration;
			buildSettings = {
				ALWAYS_SEARCH_USER_PATHS = NO;
				CLANG_ANALYZER_NONNULL = YES;
				CLANG_ANALYZER_NUMBER_OBJECT_CONVERSION = YES_AGGRESSIVE;
				CLANG_CXX_LANGUAGE_STANDARD = "gnu++14";
				CLANG_CXX_LIBRARY = "libc++";
				CLANG_ENABLE_MODULES = YES;
				CLANG_ENABLE_OBJC_ARC = YES;
				CLANG_ENABLE_OBJC_WEAK = YES;
				CLANG_WARN_BLOCK_CAPTURE_AUTORELEASING = YES;
				CLANG_WARN_BOOL_CONVERSION = YES;
				CLANG_WARN_COMMA = YES;
				CLANG_WARN_CONSTANT_CONVERSION = YES;
				CLANG_WARN_DEPRECATED_OBJC_IMPLEMENTATIONS = YES;
				CLANG_WARN_DIRECT_OBJC_ISA_USAGE = YES_ERROR;
				CLANG_WARN_DOCUMENTATION_COMMENTS = YES;
				CLANG_WARN_EMPTY_BODY = YES;
				CLANG_WARN_ENUM_CONVERSION = YES;
				CLANG_WARN_INFINITE_RECURSION = YES;
				CLANG_WARN_INT_CONVERSION = YES;
				CLANG_WARN_NON_LITERAL_NULL_CONVERSION = YES;
				CLANG_WARN_OBJC_IMPLICIT_RETAIN_SELF = YES;
				CLANG_WARN_OBJC_LITERAL_CONVERSION = YES;
				CLANG_WARN_OBJC_ROOT_CLASS = YES_ERROR;
				CLANG_WARN_RANGE_LOOP_ANALYSIS = YES;
				CLANG_WARN_STRICT_PROTOTYPES = YES;
				CLANG_WARN_SUSPICIOUS_MOVE = YES;
				CLANG_WARN_UNGUARDED_AVAILABILITY = YES_AGGRESSIVE;
				CLANG_WARN_UNREACHABLE_CODE = YES;
				CLANG_WARN__DUPLICATE_METHOD_MATCH = YES;
				CODE_SIGN_IDENTITY = "-";
				COPY_PHASE_STRIP = NO;
				DEBUG_INFORMATION_FORMAT = dwarf;
				ENABLE_STRICT_OBJC_MSGSEND = YES;
				ENABLE_TESTABILITY = YES;
				GCC_C_LANGUAGE_STANDARD = gnu11;
				GCC_DYNAMIC_NO_PIC = NO;
				GCC_NO_COMMON_BLOCKS = YES;
				GCC_OPTIMIZATION_LEVEL = 0;
				GCC_PREPROCESSOR_DEFINITIONS = (
					"DEBUG=1",
					"$(inherited)",
				);
				GCC_WARN_64_TO_32_BIT_CONVERSION = YES;
				GCC_WARN_ABOUT_RETURN_TYPE = YES_ERROR;
				GCC_WARN_UNDECLARED_SELECTOR = YES;
				GCC_WARN_UNINITIALIZED_AUTOS = YES_AGGRESSIVE;
				GCC_WARN_UNUSED_FUNCTION = YES;
				GCC_WARN_UNUSED_VARIABLE = YES;
				MACOSX_DEPLOYMENT_TARGET = 10.14;
				MTL_ENABLE_DEBUG_INFO = INCLUDE_SOURCE;
				MTL_FAST_MATH = YES;
				ONLY_ACTIVE_ARCH = YES;
				SDKROOT = macosx;
			};
			name = Debug;
		};
		D6703D0E2314D8420095F791 /* Release */ = {
			isa = XCBuildConfiguration;
			buildSettings = {
				ALWAYS_SEARCH_USER_PATHS = NO;
				CLANG_ANALYZER_NONNULL = YES;
				CLANG_ANALYZER_NUMBER_OBJECT_CONVERSION = YES_AGGRESSIVE;
				CLANG_CXX_LANGUAGE_STANDARD = "gnu++14";
				CLANG_CXX_LIBRARY = "libc++";
				CLANG_ENABLE_MODULES = YES;
				CLANG_ENABLE_OBJC_ARC = YES;
				CLANG_ENABLE_OBJC_WEAK = YES;
				CLANG_WARN_BLOCK_CAPTURE_AUTORELEASING = YES;
				CLANG_WARN_BOOL_CONVERSION = YES;
				CLANG_WARN_COMMA = YES;
				CLANG_WARN_CONSTANT_CONVERSION = YES;
				CLANG_WARN_DEPRECATED_OBJC_IMPLEMENTATIONS = YES;
				CLANG_WARN_DIRECT_OBJC_ISA_USAGE = YES_ERROR;
				CLANG_WARN_DOCUMENTATION_COMMENTS = YES;
				CLANG_WARN_EMPTY_BODY = YES;
				CLANG_WARN_ENUM_CONVERSION = YES;
				CLANG_WARN_INFINITE_RECURSION = YES;
				CLANG_WARN_INT_CONVERSION = YES;
				CLANG_WARN_NON_LITERAL_NULL_CONVERSION = YES;
				CLANG_WARN_OBJC_IMPLICIT_RETAIN_SELF = YES;
				CLANG_WARN_OBJC_LITERAL_CONVERSION = YES;
				CLANG_WARN_OBJC_ROOT_CLASS = YES_ERROR;
				CLANG_WARN_RANGE_LOOP_ANALYSIS = YES;
				CLANG_WARN_STRICT_PROTOTYPES = YES;
				CLANG_WARN_SUSPICIOUS_MOVE = YES;
				CLANG_WARN_UNGUARDED_AVAILABILITY = YES_AGGRESSIVE;
				CLANG_WARN_UNREACHABLE_CODE = YES;
				CLANG_WARN__DUPLICATE_METHOD_MATCH = YES;
				CODE_SIGN_IDENTITY = "-";
				COPY_PHASE_STRIP = NO;
				DEBUG_INFORMATION_FORMAT = "dwarf-with-dsym";
				ENABLE_NS_ASSERTIONS = NO;
				ENABLE_STRICT_OBJC_MSGSEND = YES;
				GCC_C_LANGUAGE_STANDARD = gnu11;
				GCC_NO_COMMON_BLOCKS = YES;
				GCC_WARN_64_TO_32_BIT_CONVERSION = YES;
				GCC_WARN_ABOUT_RETURN_TYPE = YES_ERROR;
				GCC_WARN_UNDECLARED_SELECTOR = YES;
				GCC_WARN_UNINITIALIZED_AUTOS = YES_AGGRESSIVE;
				GCC_WARN_UNUSED_FUNCTION = YES;
				GCC_WARN_UNUSED_VARIABLE = YES;
				MACOSX_DEPLOYMENT_TARGET = 10.14;
				MTL_ENABLE_DEBUG_INFO = NO;
				MTL_FAST_MATH = YES;
				SDKROOT = macosx;
			};
			name = Release;
		};
		D6703D102314D8420095F791 /* Debug */ = {
			isa = XCBuildConfiguration;
			buildSettings = {
				CODE_SIGN_STYLE = Automatic;
				PRODUCT_NAME = "$(TARGET_NAME)";
			};
			name = Debug;
		};
		D6703D112314D8420095F791 /* Release */ = {
			isa = XCBuildConfiguration;
			buildSettings = {
				CODE_SIGN_STYLE = Automatic;
				PRODUCT_NAME = "$(TARGET_NAME)";
			};
			name = Release;
		};
/* End XCBuildConfiguration section */

/* Begin XCConfigurationList section */
		D6703D032314D8420095F791 /* Build configuration list for PBXProject "hook_unity_src_xcode" */ = {
			isa = XCConfigurationList;
			buildConfigurations = (
				D6703D0D2314D8420095F791 /* Debug */,
				D6703D0E2314D8420095F791 /* Release */,
			);
			defaultConfigurationIsVisible = 0;
			defaultConfigurationName = Release;
		};
		D6703D0F2314D8420095F791 /* Build configuration list for PBXNativeTarget "hook_unity_src_xcode" */ = {
			isa = XCConfigurationList;
			buildConfigurations = (
				D6703D102314D8420095F791 /* Debug */,
				D6703D112314D8420095F791 /* Release */,
			);
			defaultConfigurationIsVisible = 0;
			defaultConfigurationName = Release;
		};
/* End XCConfigurationList section */
	};
	rootObject = D6703D002314D8420095F791 /* Project object */;
}
